
Microsoft Visual Studio Solution File, Format Version 12.00
# Visual Studio 15
VisualStudioVersion = 15.0.28307.1022
MinimumVisualStudioVersion = 10.0.40219.1
Project("{FAE04EC0-301F-11D3-BF4B-00C04F79EFBC}") = "GhostlyGame", "Platforms\Windows\GhostlyGame.csproj", "{8C4BEC08-EB16-4883-9D60-A641F82A0778}"
EndProject
Project("{FAE04EC0-301F-11D3-BF4B-00C04F79EFBC}") = "OpenFeasyo.Platform", "..\..\OpenFeasyo.Platform\Platforms\Windows\OpenFeasyo.Platform.csproj", "{9A105E67-F11B-4A27-A1A8-B9E57E2BB91E}"
EndProject
Project("{FAE04EC0-301F-11D3-BF4B-00C04F79EFBC}") = "OpenFeasyo.GameTools", "..\..\OpenFeasyo.GameTools\Platforms\Windows\OpenFeasyo.GameTools.csproj", "{96808FE5-FAA8-4B59-B203-1E7106EC2AB6}"
EndProject
Project("{2150E333-8FDC-42A3-9474-1A3956D46DE8}") = "Analyzers", "Analyzers", "{722F861C-5F9E-44DC-AB38-8B23D9E1300A}"
EndProject
Project("{2150E333-8FDC-42A3-9474-1A3956D46DE8}") = "Drivers", "Drivers", "{07212705-BA8C-47D7-80F6-7C2A7F30A598}"
EndProject
Project("{FAE04EC0-301F-11D3-BF4B-00C04F79EFBC}") = "C3dSerializer", "..\..\Analyzers\C3dSerializer\Platforms\Windows\C3dSerializer.csproj", "{3A88DDF8-E5E5-4F50-84A0-C97EA3F90CA0}"
EndProject
Project("{FAE04EC0-301F-11D3-BF4B-00C04F79EFBC}") = "TrignoEmg", "..\..\Drivers\TrignoEmg\Platforms\Windows\TrignoEmg.csproj", "{683B751B-543F-4452-938E-87C5E37571C3}"
EndProject
Global
	GlobalSection(SolutionConfigurationPlatforms) = preSolution
		Debug|Any CPU = Debug|Any CPU
		Debug|x86 = Debug|x86
		Release|Any CPU = Release|Any CPU
		Release|x86 = Release|x86
	EndGlobalSection
	GlobalSection(ProjectConfigurationPlatforms) = postSolution
		{8C4BEC08-EB16-4883-9D60-A641F82A0778}.Debug|Any CPU.ActiveCfg = Debug|x86
		{8C4BEC08-EB16-4883-9D60-A641F82A0778}.Debug|x86.ActiveCfg = Debug|x86
		{8C4BEC08-EB16-4883-9D60-A641F82A0778}.Debug|x86.Build.0 = Debug|x86
		{8C4BEC08-EB16-4883-9D60-A641F82A0778}.Release|Any CPU.ActiveCfg = Release|x86
		{8C4BEC08-EB16-4883-9D60-A641F82A0778}.Release|x86.ActiveCfg = Release|x86
		{8C4BEC08-EB16-4883-9D60-A641F82A0778}.Release|x86.Build.0 = Release|x86
		{9A105E67-F11B-4A27-A1A8-B9E57E2BB91E}.Debug|Any CPU.ActiveCfg = Debug|Any CPU
		{9A105E67-F11B-4A27-A1A8-B9E57E2BB91E}.Debug|Any CPU.Build.0 = Debug|Any CPU
		{9A105E67-F11B-4A27-A1A8-B9E57E2BB91E}.Debug|x86.ActiveCfg = Debug|Any CPU
		{9A105E67-F11B-4A27-A1A8-B9E57E2BB91E}.Debug|x86.Build.0 = Debug|Any CPU
		{9A105E67-F11B-4A27-A1A8-B9E57E2BB91E}.Release|Any CPU.ActiveCfg = Release|Any CPU
		{9A105E67-F11B-4A27-A1A8-B9E57E2BB91E}.Release|Any CPU.Build.0 = Release|Any CPU
		{9A105E67-F11B-4A27-A1A8-B9E57E2BB91E}.Release|x86.ActiveCfg = Release|Any CPU
		{9A105E67-F11B-4A27-A1A8-B9E57E2BB91E}.Release|x86.Build.0 = Release|Any CPU
		{96808FE5-FAA8-4B59-B203-1E7106EC2AB6}.Debug|Any CPU.ActiveCfg = Debug|Any CPU
		{96808FE5-FAA8-4B59-B203-1E7106EC2AB6}.Debug|Any CPU.Build.0 = Debug|Any CPU
		{96808FE5-FAA8-4B59-B203-1E7106EC2AB6}.Debug|x86.ActiveCfg = Debug|Any CPU
		{96808FE5-FAA8-4B59-B203-1E7106EC2AB6}.Debug|x86.Build.0 = Debug|Any CPU
		{96808FE5-FAA8-4B59-B203-1E7106EC2AB6}.Release|Any CPU.ActiveCfg = Release|Any CPU
		{96808FE5-FAA8-4B59-B203-1E7106EC2AB6}.Release|Any CPU.Build.0 = Release|Any CPU
		{96808FE5-FAA8-4B59-B203-1E7106EC2AB6}.Release|x86.ActiveCfg = Release|Any CPU
		{96808FE5-FAA8-4B59-B203-1E7106EC2AB6}.Release|x86.Build.0 = Release|Any CPU
		{3A88DDF8-E5E5-4F50-84A0-C97EA3F90CA0}.Debug|Any CPU.ActiveCfg = Debug|Any CPU
		{3A88DDF8-E5E5-4F50-84A0-C97EA3F90CA0}.Debug|Any CPU.Build.0 = Debug|Any CPU
		{3A88DDF8-E5E5-4F50-84A0-C97EA3F90CA0}.Debug|x86.ActiveCfg = Debug|Any CPU
		{3A88DDF8-E5E5-4F50-84A0-C97EA3F90CA0}.Debug|x86.Build.0 = Debug|Any CPU
		{3A88DDF8-E5E5-4F50-84A0-C97EA3F90CA0}.Release|Any CPU.ActiveCfg = Release|Any CPU
		{3A88DDF8-E5E5-4F50-84A0-C97EA3F90CA0}.Release|Any CPU.Build.0 = Release|Any CPU
		{3A88DDF8-E5E5-4F50-84A0-C97EA3F90CA0}.Release|x86.ActiveCfg = Release|Any CPU
		{3A88DDF8-E5E5-4F50-84A0-C97EA3F90CA0}.Release|x86.Build.0 = Release|Any CPU
		{683B751B-543F-4452-938E-87C5E37571C3}.Debug|Any CPU.ActiveCfg = Debug|Any CPU
		{683B751B-543F-4452-938E-87C5E37571C3}.Debug|Any CPU.Build.0 = Debug|Any CPU
		{683B751B-543F-4452-938E-87C5E37571C3}.Debug|x86.ActiveCfg = Debug|Any CPU
		{683B751B-543F-4452-938E-87C5E37571C3}.Debug|x86.Build.0 = Debug|Any CPU
		{683B751B-543F-4452-938E-87C5E37571C3}.Release|Any CPU.ActiveCfg = Release|Any CPU
		{683B751B-543F-4452-938E-87C5E37571C3}.Release|Any CPU.Build.0 = Release|Any CPU
		{683B751B-543F-4452-938E-87C5E37571C3}.Release|x86.ActiveCfg = Release|Any CPU
		{683B751B-543F-4452-938E-87C5E37571C3}.Release|x86.Build.0 = Release|Any CPU
	EndGlobalSection
	GlobalSection(SolutionProperties) = preSolution
		HideSolutionNode = FALSE
	EndGlobalSection
	GlobalSection(NestedProjects) = preSolution
		{3A88DDF8-E5E5-4F50-84A0-C97EA3F90CA0} = {722F861C-5F9E-44DC-AB38-8B23D9E1300A}
		{683B751B-543F-4452-938E-87C5E37571C3} = {07212705-BA8C-47D7-80F6-7C2A7F30A598}
	EndGlobalSection
	GlobalSection(ExtensibilityGlobals) = postSolution
		SolutionGuid = {440B977D-AE3C-492E-B411-3FEF77535E83}
	EndGlobalSection
EndGlobal
