
Microsoft Visual Studio Solution File, Format Version 12.00
# Visual Studio Version 16
VisualStudioVersion = 16.0.30413.136
MinimumVisualStudioVersion = 10.0.40219.1
Project("{FAE04EC0-301F-11D3-BF4B-00C04F79EFBC}") = "GhostlyGame", "Platforms\Windows\GhostlyGame.csproj", "{8C4BEC08-EB16-4883-9D60-A641F82A0778}"
EndProject
Project("{FAE04EC0-301F-11D3-BF4B-00C04F79EFBC}") = "OpenFeasyo.Platform", "..\..\OpenFeasyo.Platform\Platforms\Windows\OpenFeasyo.Platform.csproj", "{9A105E67-F11B-4A27-A1A8-B9E57E2BB91E}"
EndProject
Project("{FAE04EC0-301F-11D3-BF4B-00C04F79EFBC}") = "OpenFeasyo.GameTools", "..\..\OpenFeasyo.GameTools\Platforms\Windows\OpenFeasyo.GameTools.csproj", "{96808FE5-FAA8-4B59-B203-1E7106EC2AB6}"
EndProject
Project("{2150E333-8FDC-42A3-9474-1A3956D46DE8}") = "Analyzers", "Analyzers", "{722F861C-5F9E-44DC-AB38-8B23D9E1300A}"
EndProject
Project("{2150E333-8FDC-42A3-9474-1A3956D46DE8}") = "Drivers", "Drivers", "{07212705-BA8C-47D7-80F6-7C2A7F30A598}"
EndProject
Project("{FAE04EC0-301F-11D3-BF4B-00C04F79EFBC}") = "C3dSerializer", "..\..\Analyzers\C3dSerializer\Platforms\Windows\C3dSerializer.csproj", "{3A88DDF8-E5E5-4F50-84A0-C97EA3F90CA0}"
EndProject
Project("{FAE04EC0-301F-11D3-BF4B-00C04F79EFBC}") = "TrignoEmg", "..\..\Drivers\TrignoEmg\Platforms\Windows\TrignoEmg.csproj", "{683B751B-543F-4452-938E-87C5E37571C3}"
EndProject
Project("{C7167F0D-BC9F-4E6E-AFE1-012C56B48DB5}") = "GhostlyGameWapProj", "Platforms\Windows\GhostlyGameWapProj\GhostlyGameWapProj.wapproj", "{8D12F7FC-E078-4E87-ACC5-093310A97EAB}"
EndProject
Global
	GlobalSection(SolutionConfigurationPlatforms) = preSolution
		Debug|Any CPU = Debug|Any CPU
		Debug|ARM = Debug|ARM
		Debug|ARM64 = Debug|ARM64
		Debug|x64 = Debug|x64
		Debug|x86 = Debug|x86
		Release|Any CPU = Release|Any CPU
		Release|ARM = Release|ARM
		Release|ARM64 = Release|ARM64
		Release|x64 = Release|x64
		Release|x86 = Release|x86
	EndGlobalSection
	GlobalSection(ProjectConfigurationPlatforms) = postSolution
		{8C4BEC08-EB16-4883-9D60-A641F82A0778}.Debug|Any CPU.ActiveCfg = Debug|x86
		{8C4BEC08-EB16-4883-9D60-A641F82A0778}.Debug|ARM.ActiveCfg = Debug|x86
		{8C4BEC08-EB16-4883-9D60-A641F82A0778}.Debug|ARM64.ActiveCfg = Debug|x86
		{8C4BEC08-EB16-4883-9D60-A641F82A0778}.Debug|x64.ActiveCfg = Debug|x86
		{8C4BEC08-EB16-4883-9D60-A641F82A0778}.Debug|x86.ActiveCfg = Debug|x86
		{8C4BEC08-EB16-4883-9D60-A641F82A0778}.Debug|x86.Build.0 = Debug|x86
		{8C4BEC08-EB16-4883-9D60-A641F82A0778}.Release|Any CPU.ActiveCfg = Release|x86
		{8C4BEC08-EB16-4883-9D60-A641F82A0778}.Release|ARM.ActiveCfg = Release|x86
		{8C4BEC08-EB16-4883-9D60-A641F82A0778}.Release|ARM64.ActiveCfg = Release|x86
		{8C4BEC08-EB16-4883-9D60-A641F82A0778}.Release|x64.ActiveCfg = Release|x86
		{8C4BEC08-EB16-4883-9D60-A641F82A0778}.Release|x86.ActiveCfg = Release|x86
		{8C4BEC08-EB16-4883-9D60-A641F82A0778}.Release|x86.Build.0 = Release|x86
		{9A105E67-F11B-4A27-A1A8-B9E57E2BB91E}.Debug|Any CPU.ActiveCfg = Debug|Any CPU
		{9A105E67-F11B-4A27-A1A8-B9E57E2BB91E}.Debug|Any CPU.Build.0 = Debug|Any CPU
		{9A105E67-F11B-4A27-A1A8-B9E57E2BB91E}.Debug|ARM.ActiveCfg = Debug|Any CPU
		{9A105E67-F11B-4A27-A1A8-B9E57E2BB91E}.Debug|ARM.Build.0 = Debug|Any CPU
		{9A105E67-F11B-4A27-A1A8-B9E57E2BB91E}.Debug|ARM64.ActiveCfg = Debug|Any CPU
		{9A105E67-F11B-4A27-A1A8-B9E57E2BB91E}.Debug|ARM64.Build.0 = Debug|Any CPU
		{9A105E67-F11B-4A27-A1A8-B9E57E2BB91E}.Debug|x64.ActiveCfg = Debug|Any CPU
		{9A105E67-F11B-4A27-A1A8-B9E57E2BB91E}.Debug|x64.Build.0 = Debug|Any CPU
		{9A105E67-F11B-4A27-A1A8-B9E57E2BB91E}.Debug|x86.ActiveCfg = Debug|Any CPU
		{9A105E67-F11B-4A27-A1A8-B9E57E2BB91E}.Debug|x86.Build.0 = Debug|Any CPU
		{9A105E67-F11B-4A27-A1A8-B9E57E2BB91E}.Release|Any CPU.ActiveCfg = Release|Any CPU
		{9A105E67-F11B-4A27-A1A8-B9E57E2BB91E}.Release|Any CPU.Build.0 = Release|Any CPU
		{9A105E67-F11B-4A27-A1A8-B9E57E2BB91E}.Release|ARM.ActiveCfg = Release|Any CPU
		{9A105E67-F11B-4A27-A1A8-B9E57E2BB91E}.Release|ARM.Build.0 = Release|Any CPU
		{9A105E67-F11B-4A27-A1A8-B9E57E2BB91E}.Release|ARM64.ActiveCfg = Release|Any CPU
		{9A105E67-F11B-4A27-A1A8-B9E57E2BB91E}.Release|ARM64.Build.0 = Release|Any CPU
		{9A105E67-F11B-4A27-A1A8-B9E57E2BB91E}.Release|x64.ActiveCfg = Release|Any CPU
		{9A105E67-F11B-4A27-A1A8-B9E57E2BB91E}.Release|x64.Build.0 = Release|Any CPU
		{9A105E67-F11B-4A27-A1A8-B9E57E2BB91E}.Release|x86.ActiveCfg = Release|Any CPU
		{9A105E67-F11B-4A27-A1A8-B9E57E2BB91E}.Release|x86.Build.0 = Release|Any CPU
		{96808FE5-FAA8-4B59-B203-1E7106EC2AB6}.Debug|Any CPU.ActiveCfg = Debug|Any CPU
		{96808FE5-FAA8-4B59-B203-1E7106EC2AB6}.Debug|Any CPU.Build.0 = Debug|Any CPU
		{96808FE5-FAA8-4B59-B203-1E7106EC2AB6}.Debug|ARM.ActiveCfg = Debug|Any CPU
		{96808FE5-FAA8-4B59-B203-1E7106EC2AB6}.Debug|ARM.Build.0 = Debug|Any CPU
		{96808FE5-FAA8-4B59-B203-1E7106EC2AB6}.Debug|ARM64.ActiveCfg = Debug|Any CPU
		{96808FE5-FAA8-4B59-B203-1E7106EC2AB6}.Debug|ARM64.Build.0 = Debug|Any CPU
		{96808FE5-FAA8-4B59-B203-1E7106EC2AB6}.Debug|x64.ActiveCfg = Debug|Any CPU
		{96808FE5-FAA8-4B59-B203-1E7106EC2AB6}.Debug|x64.Build.0 = Debug|Any CPU
		{96808FE5-FAA8-4B59-B203-1E7106EC2AB6}.Debug|x86.ActiveCfg = Debug|Any CPU
		{96808FE5-FAA8-4B59-B203-1E7106EC2AB6}.Debug|x86.Build.0 = Debug|Any CPU
		{96808FE5-FAA8-4B59-B203-1E7106EC2AB6}.Release|Any CPU.ActiveCfg = Release|Any CPU
		{96808FE5-FAA8-4B59-B203-1E7106EC2AB6}.Release|Any CPU.Build.0 = Release|Any CPU
		{96808FE5-FAA8-4B59-B203-1E7106EC2AB6}.Release|ARM.ActiveCfg = Release|Any CPU
		{96808FE5-FAA8-4B59-B203-1E7106EC2AB6}.Release|ARM.Build.0 = Release|Any CPU
		{96808FE5-FAA8-4B59-B203-1E7106EC2AB6}.Release|ARM64.ActiveCfg = Release|Any CPU
		{96808FE5-FAA8-4B59-B203-1E7106EC2AB6}.Release|ARM64.Build.0 = Release|Any CPU
		{96808FE5-FAA8-4B59-B203-1E7106EC2AB6}.Release|x64.ActiveCfg = Release|Any CPU
		{96808FE5-FAA8-4B59-B203-1E7106EC2AB6}.Release|x64.Build.0 = Release|Any CPU
		{96808FE5-FAA8-4B59-B203-1E7106EC2AB6}.Release|x86.ActiveCfg = Release|Any CPU
		{96808FE5-FAA8-4B59-B203-1E7106EC2AB6}.Release|x86.Build.0 = Release|Any CPU
		{3A88DDF8-E5E5-4F50-84A0-C97EA3F90CA0}.Debug|Any CPU.ActiveCfg = Debug|Any CPU
		{3A88DDF8-E5E5-4F50-84A0-C97EA3F90CA0}.Debug|Any CPU.Build.0 = Debug|Any CPU
		{3A88DDF8-E5E5-4F50-84A0-C97EA3F90CA0}.Debug|ARM.ActiveCfg = Debug|Any CPU
		{3A88DDF8-E5E5-4F50-84A0-C97EA3F90CA0}.Debug|ARM.Build.0 = Debug|Any CPU
		{3A88DDF8-E5E5-4F50-84A0-C97EA3F90CA0}.Debug|ARM64.ActiveCfg = Debug|Any CPU
		{3A88DDF8-E5E5-4F50-84A0-C97EA3F90CA0}.Debug|ARM64.Build.0 = Debug|Any CPU
		{3A88DDF8-E5E5-4F50-84A0-C97EA3F90CA0}.Debug|x64.ActiveCfg = Debug|Any CPU
		{3A88DDF8-E5E5-4F50-84A0-C97EA3F90CA0}.Debug|x64.Build.0 = Debug|Any CPU
		{3A88DDF8-E5E5-4F50-84A0-C97EA3F90CA0}.Debug|x86.ActiveCfg = Debug|Any CPU
		{3A88DDF8-E5E5-4F50-84A0-C97EA3F90CA0}.Debug|x86.Build.0 = Debug|Any CPU
		{3A88DDF8-E5E5-4F50-84A0-C97EA3F90CA0}.Release|Any CPU.ActiveCfg = Release|Any CPU
		{3A88DDF8-E5E5-4F50-84A0-C97EA3F90CA0}.Release|Any CPU.Build.0 = Release|Any CPU
		{3A88DDF8-E5E5-4F50-84A0-C97EA3F90CA0}.Release|ARM.ActiveCfg = Release|Any CPU
		{3A88DDF8-E5E5-4F50-84A0-C97EA3F90CA0}.Release|ARM.Build.0 = Release|Any CPU
		{3A88DDF8-E5E5-4F50-84A0-C97EA3F90CA0}.Release|ARM64.ActiveCfg = Release|Any CPU
		{3A88DDF8-E5E5-4F50-84A0-C97EA3F90CA0}.Release|ARM64.Build.0 = Release|Any CPU
		{3A88DDF8-E5E5-4F50-84A0-C97EA3F90CA0}.Release|x64.ActiveCfg = Release|Any CPU
		{3A88DDF8-E5E5-4F50-84A0-C97EA3F90CA0}.Release|x64.Build.0 = Release|Any CPU
		{3A88DDF8-E5E5-4F50-84A0-C97EA3F90CA0}.Release|x86.ActiveCfg = Release|Any CPU
		{3A88DDF8-E5E5-4F50-84A0-C97EA3F90CA0}.Release|x86.Build.0 = Release|Any CPU
		{683B751B-543F-4452-938E-87C5E37571C3}.Debug|Any CPU.ActiveCfg = Debug|Any CPU
		{683B751B-543F-4452-938E-87C5E37571C3}.Debug|Any CPU.Build.0 = Debug|Any CPU
		{683B751B-543F-4452-938E-87C5E37571C3}.Debug|ARM.ActiveCfg = Debug|Any CPU
		{683B751B-543F-4452-938E-87C5E37571C3}.Debug|ARM.Build.0 = Debug|Any CPU
		{683B751B-543F-4452-938E-87C5E37571C3}.Debug|ARM64.ActiveCfg = Debug|Any CPU
		{683B751B-543F-4452-938E-87C5E37571C3}.Debug|ARM64.Build.0 = Debug|Any CPU
		{683B751B-543F-4452-938E-87C5E37571C3}.Debug|x64.ActiveCfg = Debug|Any CPU
		{683B751B-543F-4452-938E-87C5E37571C3}.Debug|x64.Build.0 = Debug|Any CPU
		{683B751B-543F-4452-938E-87C5E37571C3}.Debug|x86.ActiveCfg = Debug|Any CPU
		{683B751B-543F-4452-938E-87C5E37571C3}.Debug|x86.Build.0 = Debug|Any CPU
		{683B751B-543F-4452-938E-87C5E37571C3}.Release|Any CPU.ActiveCfg = Release|Any CPU
		{683B751B-543F-4452-938E-87C5E37571C3}.Release|Any CPU.Build.0 = Release|Any CPU
		{683B751B-543F-4452-938E-87C5E37571C3}.Release|ARM.ActiveCfg = Release|Any CPU
		{683B751B-543F-4452-938E-87C5E37571C3}.Release|ARM.Build.0 = Release|Any CPU
		{683B751B-543F-4452-938E-87C5E37571C3}.Release|ARM64.ActiveCfg = Release|Any CPU
		{683B751B-543F-4452-938E-87C5E37571C3}.Release|ARM64.Build.0 = Release|Any CPU
		{683B751B-543F-4452-938E-87C5E37571C3}.Release|x64.ActiveCfg = Release|Any CPU
		{683B751B-543F-4452-938E-87C5E37571C3}.Release|x64.Build.0 = Release|Any CPU
		{683B751B-543F-4452-938E-87C5E37571C3}.Release|x86.ActiveCfg = Release|Any CPU
		{683B751B-543F-4452-938E-87C5E37571C3}.Release|x86.Build.0 = Release|Any CPU
		{8D12F7FC-E078-4E87-ACC5-093310A97EAB}.Debug|Any CPU.ActiveCfg = Debug|Any CPU
		{8D12F7FC-E078-4E87-ACC5-093310A97EAB}.Debug|Any CPU.Build.0 = Debug|Any CPU
		{8D12F7FC-E078-4E87-ACC5-093310A97EAB}.Debug|Any CPU.Deploy.0 = Debug|Any CPU
		{8D12F7FC-E078-4E87-ACC5-093310A97EAB}.Debug|ARM.ActiveCfg = Debug|ARM
		{8D12F7FC-E078-4E87-ACC5-093310A97EAB}.Debug|ARM.Build.0 = Debug|ARM
		{8D12F7FC-E078-4E87-ACC5-093310A97EAB}.Debug|ARM.Deploy.0 = Debug|ARM
		{8D12F7FC-E078-4E87-ACC5-093310A97EAB}.Debug|ARM64.ActiveCfg = Debug|ARM64
		{8D12F7FC-E078-4E87-ACC5-093310A97EAB}.Debug|ARM64.Build.0 = Debug|ARM64
		{8D12F7FC-E078-4E87-ACC5-093310A97EAB}.Debug|ARM64.Deploy.0 = Debug|ARM64
		{8D12F7FC-E078-4E87-ACC5-093310A97EAB}.Debug|x64.ActiveCfg = Debug|x64
		{8D12F7FC-E078-4E87-ACC5-093310A97EAB}.Debug|x64.Build.0 = Debug|x64
		{8D12F7FC-E078-4E87-ACC5-093310A97EAB}.Debug|x64.Deploy.0 = Debug|x64
		{8D12F7FC-E078-4E87-ACC5-093310A97EAB}.Debug|x86.ActiveCfg = Debug|x86
		{8D12F7FC-E078-4E87-ACC5-093310A97EAB}.Debug|x86.Build.0 = Debug|x86
		{8D12F7FC-E078-4E87-ACC5-093310A97EAB}.Debug|x86.Deploy.0 = Debug|x86
		{8D12F7FC-E078-4E87-ACC5-093310A97EAB}.Release|Any CPU.ActiveCfg = Release|Any CPU
		{8D12F7FC-E078-4E87-ACC5-093310A97EAB}.Release|Any CPU.Build.0 = Release|Any CPU
		{8D12F7FC-E078-4E87-ACC5-093310A97EAB}.Release|Any CPU.Deploy.0 = Release|Any CPU
		{8D12F7FC-E078-4E87-ACC5-093310A97EAB}.Release|ARM.ActiveCfg = Release|ARM
		{8D12F7FC-E078-4E87-ACC5-093310A97EAB}.Release|ARM.Build.0 = Release|ARM
		{8D12F7FC-E078-4E87-ACC5-093310A97EAB}.Release|ARM.Deploy.0 = Release|ARM
		{8D12F7FC-E078-4E87-ACC5-093310A97EAB}.Release|ARM64.ActiveCfg = Release|ARM64
		{8D12F7FC-E078-4E87-ACC5-093310A97EAB}.Release|ARM64.Build.0 = Release|ARM64
		{8D12F7FC-E078-4E87-ACC5-093310A97EAB}.Release|ARM64.Deploy.0 = Release|ARM64
		{8D12F7FC-E078-4E87-ACC5-093310A97EAB}.Release|x64.ActiveCfg = Release|x64
		{8D12F7FC-E078-4E87-ACC5-093310A97EAB}.Release|x64.Build.0 = Release|x64
		{8D12F7FC-E078-4E87-ACC5-093310A97EAB}.Release|x64.Deploy.0 = Release|x64
		{8D12F7FC-E078-4E87-ACC5-093310A97EAB}.Release|x86.ActiveCfg = Release|x86
		{8D12F7FC-E078-4E87-ACC5-093310A97EAB}.Release|x86.Build.0 = Release|x86
		{8D12F7FC-E078-4E87-ACC5-093310A97EAB}.Release|x86.Deploy.0 = Release|x86
	EndGlobalSection
	GlobalSection(SolutionProperties) = preSolution
		HideSolutionNode = FALSE
	EndGlobalSection
	GlobalSection(NestedProjects) = preSolution
		{3A88DDF8-E5E5-4F50-84A0-C97EA3F90CA0} = {722F861C-5F9E-44DC-AB38-8B23D9E1300A}
		{683B751B-543F-4452-938E-87C5E37571C3} = {07212705-BA8C-47D7-80F6-7C2A7F30A598}
	EndGlobalSection
	GlobalSection(ExtensibilityGlobals) = postSolution
		SolutionGuid = {440B977D-AE3C-492E-B411-3FEF77535E83}
	EndGlobalSection
EndGlobal
